
Microsoft Visual Studio Solution File, Format Version 12.00
# Visual Studio Version 16
VisualStudioVersion = 16.0.31105.61
MinimumVisualStudioVersion = 10.0.40219.1
Project("{FAE04EC0-301F-11D3-BF4B-00C04F79EFBC}") = "AerospikeExpressions", "AerospikeExpressions\AerospikeExpressions.csproj", "{7E46D38B-4AE5-41E1-A556-6A9CB7F3EBF8}"
EndProject
Global
	GlobalSection(SolutionConfigurationPlatforms) = preSolution
		Debug|Any CPU = Debug|Any CPU
		Release|Any CPU = Release|Any CPU
	EndGlobalSection
	GlobalSection(ProjectConfigurationPlatforms) = postSolution
		{7E46D38B-4AE5-41E1-A556-6A9CB7F3EBF8}.Debug|Any CPU.ActiveCfg = Debug|Any CPU
		{7E46D38B-4AE5-41E1-A556-6A9CB7F3EBF8}.Debug|Any CPU.Build.0 = Debug|Any CPU
		{7E46D38B-4AE5-41E1-A556-6A9CB7F3EBF8}.Release|Any CPU.ActiveCfg = Release|Any CPU
		{7E46D38B-4AE5-41E1-A556-6A9CB7F3EBF8}.Release|Any CPU.Build.0 = Release|Any CPU
	EndGlobalSection
	GlobalSection(SolutionProperties) = preSolution
		HideSolutionNode = FALSE
	EndGlobalSection
	GlobalSection(ExtensibilityGlobals) = postSolution
		SolutionGuid = {CA5AAB70-9C65-46F3-AC39-42BC5845477D}
	EndGlobalSection
EndGlobal
